
Microsoft Visual Studio Solution File, Format Version 12.00
# Visual Studio Version 17
VisualStudioVersion = 17.10.34928.147
MinimumVisualStudioVersion = 10.0.40219.1
Project("{FAE04EC0-301F-11D3-BF4B-00C04F79EFBC}") = "TagHelperdemo1", "TagHelperdemo1\TagHelperdemo1.csproj", "{0A060180-9FE6-4DDB-B13C-843140D415FD}"
EndProject
Project("{FAE04EC0-301F-11D3-BF4B-00C04F79EFBC}") = "TagHelperDemo2", "TagHelperDemo2\TagHelperDemo2.csproj", "{63AD5DD7-9546-4D37-B9E5-C3BDE532D298}"
EndProject
Project("{FAE04EC0-301F-11D3-BF4B-00C04F79EFBC}") = "CRUDusingModel", "CRUDusingModel\CRUDusingModel.csproj", "{08C37844-351D-4870-8A14-A7D84BACC5D5}"
EndProject
Global
	GlobalSection(SolutionConfigurationPlatforms) = preSolution
		Debug|Any CPU = Debug|Any CPU
		Release|Any CPU = Release|Any CPU
	EndGlobalSection
	GlobalSection(ProjectConfigurationPlatforms) = postSolution
		{0A060180-9FE6-4DDB-B13C-843140D415FD}.Debug|Any CPU.ActiveCfg = Debug|Any CPU
		{0A060180-9FE6-4DDB-B13C-843140D415FD}.Debug|Any CPU.Build.0 = Debug|Any CPU
		{0A060180-9FE6-4DDB-B13C-843140D415FD}.Release|Any CPU.ActiveCfg = Release|Any CPU
		{0A060180-9FE6-4DDB-B13C-843140D415FD}.Release|Any CPU.Build.0 = Release|Any CPU
		{63AD5DD7-9546-4D37-B9E5-C3BDE532D298}.Debug|Any CPU.ActiveCfg = Debug|Any CPU
		{63AD5DD7-9546-4D37-B9E5-C3BDE532D298}.Debug|Any CPU.Build.0 = Debug|Any CPU
		{63AD5DD7-9546-4D37-B9E5-C3BDE532D298}.Release|Any CPU.ActiveCfg = Release|Any CPU
		{63AD5DD7-9546-4D37-B9E5-C3BDE532D298}.Release|Any CPU.Build.0 = Release|Any CPU
		{08C37844-351D-4870-8A14-A7D84BACC5D5}.Debug|Any CPU.ActiveCfg = Debug|Any CPU
		{08C37844-351D-4870-8A14-A7D84BACC5D5}.Debug|Any CPU.Build.0 = Debug|Any CPU
		{08C37844-351D-4870-8A14-A7D84BACC5D5}.Release|Any CPU.ActiveCfg = Release|Any CPU
		{08C37844-351D-4870-8A14-A7D84BACC5D5}.Release|Any CPU.Build.0 = Release|Any CPU
	EndGlobalSection
	GlobalSection(SolutionProperties) = preSolution
		HideSolutionNode = FALSE
	EndGlobalSection
	GlobalSection(ExtensibilityGlobals) = postSolution
		SolutionGuid = {0351081B-7D83-4B95-9F3F-07E9A1F068F7}
	EndGlobalSection
EndGlobal
