
Microsoft Visual Studio Solution File, Format Version 12.00
# Visual Studio Version 17
VisualStudioVersion = 17.10.34928.147
MinimumVisualStudioVersion = 10.0.40219.1
Project("{FAE04EC0-301F-11D3-BF4B-00C04F79EFBC}") = "LinqDemo", "LinqDemo\LinqDemo.csproj", "{A03B0CD0-0A79-4708-B505-4ED309AB93C4}"
EndProject
Project("{FAE04EC0-301F-11D3-BF4B-00C04F79EFBC}") = "MVCDemo1", "MVCDemo1\MVCDemo1.csproj", "{626157D3-2157-4817-BBD8-CDAA2EF9822F}"
EndProject
Global
	GlobalSection(SolutionConfigurationPlatforms) = preSolution
		Debug|Any CPU = Debug|Any CPU
		Release|Any CPU = Release|Any CPU
	EndGlobalSection
	GlobalSection(ProjectConfigurationPlatforms) = postSolution
		{A03B0CD0-0A79-4708-B505-4ED309AB93C4}.Debug|Any CPU.ActiveCfg = Debug|Any CPU
		{A03B0CD0-0A79-4708-B505-4ED309AB93C4}.Debug|Any CPU.Build.0 = Debug|Any CPU
		{A03B0CD0-0A79-4708-B505-4ED309AB93C4}.Release|Any CPU.ActiveCfg = Release|Any CPU
		{A03B0CD0-0A79-4708-B505-4ED309AB93C4}.Release|Any CPU.Build.0 = Release|Any CPU
		{626157D3-2157-4817-BBD8-CDAA2EF9822F}.Debug|Any CPU.ActiveCfg = Debug|Any CPU
		{626157D3-2157-4817-BBD8-CDAA2EF9822F}.Debug|Any CPU.Build.0 = Debug|Any CPU
		{626157D3-2157-4817-BBD8-CDAA2EF9822F}.Release|Any CPU.ActiveCfg = Release|Any CPU
		{626157D3-2157-4817-BBD8-CDAA2EF9822F}.Release|Any CPU.Build.0 = Release|Any CPU
	EndGlobalSection
	GlobalSection(SolutionProperties) = preSolution
		HideSolutionNode = FALSE
	EndGlobalSection
	GlobalSection(ExtensibilityGlobals) = postSolution
		SolutionGuid = {B80C2509-1CC7-45C0-8AD3-0311325323F5}
	EndGlobalSection
EndGlobal
